
Microsoft Visual Studio Solution File, Format Version 12.00
# Visual Studio 15
VisualStudioVersion = 15.0.27703.2035
MinimumVisualStudioVersion = 10.0.40219.1
Project("{FAE04EC0-301F-11D3-BF4B-00C04F79EFBC}") = "Restorante", "Restorante\Restorante.csproj", "{235A6E70-57CB-41F5-9790-B680F9DDCAEA}"
EndProject
Global
	GlobalSection(SolutionConfigurationPlatforms) = preSolution
		Debug|Any CPU = Debug|Any CPU
		Release|Any CPU = Release|Any CPU
	EndGlobalSection
	GlobalSection(ProjectConfigurationPlatforms) = postSolution
		{235A6E70-57CB-41F5-9790-B680F9DDCAEA}.Debug|Any CPU.ActiveCfg = Debug|Any CPU
		{235A6E70-57CB-41F5-9790-B680F9DDCAEA}.Debug|Any CPU.Build.0 = Debug|Any CPU
		{235A6E70-57CB-41F5-9790-B680F9DDCAEA}.Release|Any CPU.ActiveCfg = Release|Any CPU
		{235A6E70-57CB-41F5-9790-B680F9DDCAEA}.Release|Any CPU.Build.0 = Release|Any CPU
	EndGlobalSection
	GlobalSection(SolutionProperties) = preSolution
		HideSolutionNode = FALSE
	EndGlobalSection
	GlobalSection(ExtensibilityGlobals) = postSolution
		SolutionGuid = {D0DE7CD4-A3C7-435F-A301-1F00D8FB9D75}
	EndGlobalSection
EndGlobal
